
Microsoft Visual Studio Solution File, Format Version 12.00
# Visual Studio Version 16
VisualStudioVersion = 25.0.1706.9
MinimumVisualStudioVersion = 10.0.40219.1
Project("{FAE04EC0-301F-11D3-BF4B-00C04F79EFBC}") = "Bank", "Bank\Bank.csproj", "{D72DAE46-7F3C-4AEA-B8C2-48BA722F051D}"
EndProject
Project("{FAE04EC0-301F-11D3-BF4B-00C04F79EFBC}") = "BankTests", "BankTests\BankTests.csproj", "{2D6381DD-ABE6-4B81-A63A-B6BA5B49249F}"
EndProject
Global
	GlobalSection(SolutionConfigurationPlatforms) = preSolution
		Debug|Any CPU = Debug|Any CPU
		Release|Any CPU = Release|Any CPU
	EndGlobalSection
	GlobalSection(ProjectConfigurationPlatforms) = postSolution
		{D72DAE46-7F3C-4AEA-B8C2-48BA722F051D}.Debug|Any CPU.ActiveCfg = Debug|Any CPU
		{D72DAE46-7F3C-4AEA-B8C2-48BA722F051D}.Debug|Any CPU.Build.0 = Debug|Any CPU
		{D72DAE46-7F3C-4AEA-B8C2-48BA722F051D}.Release|Any CPU.ActiveCfg = Release|Any CPU
		{D72DAE46-7F3C-4AEA-B8C2-48BA722F051D}.Release|Any CPU.Build.0 = Release|Any CPU
		{2D6381DD-ABE6-4B81-A63A-B6BA5B49249F}.Debug|Any CPU.ActiveCfg = Debug|Any CPU
		{2D6381DD-ABE6-4B81-A63A-B6BA5B49249F}.Debug|Any CPU.Build.0 = Debug|Any CPU
		{2D6381DD-ABE6-4B81-A63A-B6BA5B49249F}.Release|Any CPU.ActiveCfg = Release|Any CPU
		{2D6381DD-ABE6-4B81-A63A-B6BA5B49249F}.Release|Any CPU.Build.0 = Release|Any CPU
	EndGlobalSection
	GlobalSection(SolutionProperties) = preSolution
		HideSolutionNode = FALSE
	EndGlobalSection
	GlobalSection(ExtensibilityGlobals) = postSolution
		SolutionGuid = {748CDDC5-A5EC-46FF-9243-A4B6F6F6A77A}
	EndGlobalSection
EndGlobal
